{
    "_meta": {
        "hash": {
            "sha256": "ef898cc77b95fd276e66c553105f3299d04d16cfc2fd5b052d5d6e5420d35eb5"
        },
        "pipfile-spec": 6,
        "requires": {
            "python_version": "3.6"
        },
        "sources": [
            {
                "name": "pypi",
                "url": "https://pypi.org/simple",
                "verify_ssl": true
            }
        ]
    },
    "default": {
        "aiohttp": {
            "hashes": [
                "sha256:1a112a1fdf3802b7f2b182e22e51d71e4a8fa7387d0d38e79a268921b869e384",
                "sha256:33aa7c937ebaf063a860cbb0c263a771b33333a84965c6148eeafe64fb4e29ca",
                "sha256:550b4a0788500f6d00f41b7fdd9fcce6d78f99706a7b2f6f81d4d331c7ca468e",
                "sha256:601e8e83123b4d423a9dfddf7d6943f4f520651a78ffcd50c99d065136c7ff7b",
                "sha256:620f19ba7628b70b177f5c2e6a55a6fd6e7c8591cde38c3f8f52551733d31b66",
                "sha256:70d56c784da1239c89d39fefa166fd429306dada641178389be4184a9c04e501",
                "sha256:7de2c9e445a5d257935011268202338538abef1aaff341a4733eca56419ca6f6",
                "sha256:96bb80b659cc2bafa160f3f0c346ce7fc10de1ffec4908d7f9690797f155f658",
                "sha256:ae7501cc6a6c37b8d4774bf2218c37be47fe42019a2570e8510fc2044e59d573",
                "sha256:c833aa6f4c9ac3e3eb843e3d999bae51339ad33a937303f43ce78064e61cb4b6",
                "sha256:dd81d85a342edf3d2a388e2f24d9facebc9c04550043888f970ee2f228c93059",
                "sha256:f20deec7a3fbaec7b5eb7ad99878427ad2ee4cc16a46732b705e8121cbb3cc12",
                "sha256:f52e7287eb9286a1e91e4c67c207c2573147fbaddc68f70efb5aeee5d1992f2e",
                "sha256:fe7b2972ff7e779e812f974aa5695edc328ecf559ceeea887ac46f06f090ad4c",
                "sha256:ff1447c84a02b9cd5dd3a9332d1fb181a4386c3625765bb5caf1cfbc210ab3f9"
            ],
            "index": "pypi",
            "version": "==3.3.2"
        },
        "async-timeout": {
            "hashes": [
                "sha256:0c3c816a028d47f659d6ff5c745cb2acf1f966da1fe5c19c77a70282b25f4c5f",
                "sha256:4291ca197d287d274d0b6cb5d6f8f8f82d434ed288f962539ff18cc9012f9ea3"
            ],
            "markers": "python_full_version >= '3.5.3'",
            "version": "==3.0.1"
        },
        "attrs": {
            "hashes": [
                "sha256:29adc2665447e5191d0e7c568fde78b21f9672d344281d0c6e1ab085429b22b6",
                "sha256:86efa402f67bf2df34f51a335487cf46b1ec130d02b8d39fd248abfd30da551c"
            ],
            "markers": "python_version >= '3.5'",
            "version": "==22.1.0"
        },
        "beautifulsoup4": {
            "hashes": [
                "sha256:11a9a27b7d3bddc6d86f59fb76afb70e921a25ac2d6cc55b40d072bd68435a76",
                "sha256:7015e76bf32f1f574636c4288399a6de66ce08fb7b2457f628a8d70c0fbabb11",
                "sha256:808b6ac932dccb0a4126558f7dfdcf41710dd44a4ef497a0bb59a77f9f078e89"
            ],
            "index": "pypi",
            "version": "==4.6.0"
        },
        "certifi": {
            "hashes": [
                "sha256:35824b4c3a97115964b408844d64aa14db1cc518f6562e8d7261699d1350a9e3",
                "sha256:4ad3232f5e926d6718ec31cfc1fcadfde020920e278684144551c91769c7bc18"
            ],
            "index": "pypi",
            "version": "==2022.12.7"
        },
        "chardet": {
            "hashes": [
                "sha256:84ab92ed1c4d4f16916e05906b6b75a6c0fb5db821cc65e70cbd64a3e2a5eaae",
                "sha256:fc323ffcaeaed0e0a02bf4d117757b98aed530d9ed4531e3e15460124c106691"
            ],
            "index": "pypi",
            "version": "==3.0.4"
        },
        "idna": {
            "hashes": [
                "sha256:156a6814fb5ac1fc6850fb002e0852d56c0c8d2531923a51032d1b70760e186e",
                "sha256:684a38a6f903c1d71d6d5fac066b58d7768af4de2b832e426ec79c30daa94a16"
            ],
            "version": "==2.7"
        },
        "idna-ssl": {
            "hashes": [
                "sha256:a933e3bb13da54383f9e8f35dc4f9cb9eb9b3b78c6b36f311254d6d0d92c6c7c"
            ],
            "version": "==1.1.0"
        },
        "multidict": {
            "hashes": [
                "sha256:1ece5a3369835c20ed57adadc663400b5525904e53bae59ec854a5d36b39b21a",
                "sha256:275ca32383bc5d1894b6975bb4ca6a7ff16ab76fa622967625baeebcf8079000",
                "sha256:3750f2205b800aac4bb03b5ae48025a64e474d2c6cc79547988ba1d4122a09e2",
                "sha256:4538273208e7294b2659b1602490f4ed3ab1c8cf9dbdd817e0e9db8e64be2507",
                "sha256:5141c13374e6b25fe6bf092052ab55c0c03d21bd66c94a0e3ae371d3e4d865a5",
                "sha256:51a4d210404ac61d32dada00a50ea7ba412e6ea945bbe992e4d7a595276d2ec7",
                "sha256:5cf311a0f5ef80fe73e4f4c0f0998ec08f954a6ec72b746f3c179e37de1d210d",
                "sha256:6513728873f4326999429a8b00fc7ceddb2509b01d5fd3f3be7881a257b8d463",
                "sha256:7388d2ef3c55a8ba80da62ecfafa06a1c097c18032a501ffd4cabbc52d7f2b19",
                "sha256:9456e90649005ad40558f4cf51dbb842e32807df75146c6d940b6f5abb4a78f3",
                "sha256:c026fe9a05130e44157b98fea3ab12969e5b60691a276150db9eda71710cd10b",
                "sha256:d14842362ed4cf63751648e7672f7174c9818459d169231d03c56e84daf90b7c",
                "sha256:e0d072ae0f2a179c375f67e3da300b47e1a83293c554450b29c900e50afaae87",
                "sha256:f07acae137b71af3bb548bd8da720956a3bc9f9a0b87733e0899226a2317aeb7",
                "sha256:fbb77a75e529021e7c4a8d4e823d88ef4d23674a202be4f5addffc72cbb91430",
                "sha256:fcfbb44c59af3f8ea984de67ec7c306f618a3ec771c2843804069917a8f2e255",
                "sha256:feed85993dbdb1dbc29102f50bca65bdc68f2c0c8d352468c25b54874f23c39d"
            ],
            "markers": "python_version >= '3.5'",
            "version": "==4.7.6"
        },
        "pymongo": {
            "hashes": [
                "sha256:04e5e52d3e6cbd46bbafe067a242cd5862240fd5ba270ab1be6d3cfa5ae1ed0b",
                "sha256:0ab6f1917a9226459c9ecb1af879a853aae5f5be2afe599deb4bcd9702d03c20",
                "sha256:1a33a6431ee41c0fa507a37d08966d73a66443e43173b2d4fff6db70247ae805",
                "sha256:1e385e45d5aed6fd5294da1f9b71d33dcd812887f9e17410cbf83c324270fbbd",
                "sha256:21e25d25ead34b07289f5a30916661e5f0adfff8f2a9326f98b8961113e14a83",
                "sha256:252cecc7e204106de8b61aacf3e00a5c31ebd2548b027a675ef339d3df9428d6",
                "sha256:29a12524bc5b7e2bc55e426e6b7be4a734cccf99298248748f6ca0088ecb54e3",
                "sha256:2e7920f138aad3406a83cb8db7b3f96a357d9d33bc7abb353cc0f571dd97318d",
                "sha256:2fa9d8292b93716dfaed09701a7129704cf290dd7a3a7e057563dee4e805934a",
                "sha256:30928492147298754428e045a4e790a4dd91d0d834754cf0d556310aca270080",
                "sha256:3327afb38017ac1de32e4ca3a6c8edb1fe19d6024771609590684d3a37e7c250",
                "sha256:3dd41aaab8ac3b93281c331bca8824bb75591568d802a0a509c61f4be7ea235d",
                "sha256:453e9a1e3a9dfe7c7bf3367ab82842cb236735c58f6ca849a485b30f9dfa42f8",
                "sha256:5170ef12426d355a490840dc7f2b69602e92a4c57cca27ef59d1c371dfab6c0e",
                "sha256:5217607e2bac97c774839095c3609da2250bf253f46761bc700e4ce3bd5ac54d",
                "sha256:5984c1c12e8dd6a96e8b82c4bec3f86180c4b048dcdccd34ed8c8bb81740e4ca",
                "sha256:5cc2adccb61bfe6c76fc5b6d488d76b3c093a69d79e70adb73b5678d2f0afc67",
                "sha256:64c9c2ac0b9f96253b52c41e7c9c26a140818a31031ac1c5431893c241fb3436",
                "sha256:65a0967d15d4b3d46b9885a69c45148cc9dc09ee9f10f0fd05669fe9ebffd947",
                "sha256:74b829a8ad20715f02b1ba4d5e777d60c0500acc69377e802e19e1943d3f1a81",
                "sha256:77f602b667380f943cf90e95a4f0e8374b928be5cc038e6f67dd236e20f17e26",
                "sha256:7b0a16aaac8599b8403860d8cb00a978387423dabed2f09b0c6184006c75cb9d",
                "sha256:7e4246dda4e80a60c4d594fb79fa8eccbdbc14561b08093b67c0cd05059b08b3",
                "sha256:80c9df3fde525855431d2959550746404eb6fae8f8a87d7d15e9c0ac650c70e1",
                "sha256:814919d3f66da8f9dc3d5df014c0699ec1698653f1829c588bfe251dda444782",
                "sha256:86a3e9fe14e2d46aa2e349378732b917718bd03d5317f917cd9363ea5e29c234",
                "sha256:8e889b1256a6aac3f64d9e7369a3fbcb3dce9389d4145cb7f0f7439071f0739e",
                "sha256:95f0c66aabe98e58c236baea43252dc32a3b214b8dee30f678cacba15e5889a0",
                "sha256:9785f19100e5b3422ce93c1455d5344484967cc6871a642a333ecf3554524398",
                "sha256:9dc1590e1f1ffd4a9a8be836610afeb887dcd75c96663e1d0390c492146f59ff",
                "sha256:a5e4becae6c053602fb9ed6dd4d12c525e3f716357334ee306929724087b65b4",
                "sha256:af3c32dd771e91e8e02335e13ebc618b740b034aabf99bd417c4fb768acc8c4c",
                "sha256:b4e77252237fea02eab5a59514b62bb23095869790dbcfcb45e500e3704c69d0",
                "sha256:b6bd46b9662a58134241cb31224e3b2b0f61b67e2b2328326fe871d5603e3537",
                "sha256:bce845a8efdcfae71dcaa52ff278a026fcf37afb64878c231129a264ef3afd2f",
                "sha256:c6490e2f22279cbe2090cd6075e375f3d7396a8deaf9efc38061cfe3ab15e158",
                "sha256:c6c6868995787429cedb919d0399a0211c0ca48880c3dcacda2ae72cb2663caa",
                "sha256:e1b169481dc1d77cfd45906171193daa431144cc0704da19fcf7e39f7e5bad13",
                "sha256:e56e54f710935a6896db9a3bc85d69ddc91806a56c0f5045989b3aa918369cea",
                "sha256:e9930c3d070eeaeb1297e58fd6ef009ac9b723d423d82637acca1a06e5940471",
                "sha256:ef156326eb692bcc7a278298a69c90bcde72f0ac4edb3099082265d7b947c339",
                "sha256:f4b400ae8464d878b3297fb0e37f425f6f3b4343ca728b16a8bfa86b10e8c7c4",
                "sha256:f7f309ebbda39fb00ec28f311e90b8ec9def924c41b658c45d6ab8077aadece8",
                "sha256:fcbd07bfc085a5b17141071d5ddcf087a96fed69ecbbd1d67d305f836214c195"
            ],
            "index": "pypi",
            "version": "==3.7.0"
        },
        "requests": {
            "hashes": [
                "sha256:63b52e3c866428a224f97cab011de738c36aec0185aa91cfacd418b5d58911d1",
                "sha256:ec22d826a36ed72a7358ff3fe56cbd4ba69dd7a6718ffd450ff0e9df7a47ce6a"
            ],
            "index": "pypi",
            "version": "==2.19.1"
        },
        "typing-extensions": {
            "hashes": [
                "sha256:1a9462dcc3347a79b1f1c0271fbe79e844580bb598bafa1ed208b94da3cdcd42",
                "sha256:21c85e0fe4b9a155d0799430b0ad741cdce7e359660ccbd8b530613e8df88ce2"
            ],
            "markers": "python_version < '3.8'",
            "version": "==4.1.1"
        },
        "urllib3": {
            "hashes": [
                "sha256:a68ac5e15e76e7e5dd2b8f94007233e01effe3e50e8daddf69acfd81cb686baf",
                "sha256:b5725a0bd4ba422ab0e66e89e030c806576753ea3ee08554382c14e685d117b5"
            ],
            "markers": "python_version >= '2.6' and python_version not in '3.0, 3.1, 3.2, 3.3' and python_version < '4'",
            "version": "==1.23"
        },
        "yarl": {
            "hashes": [
                "sha256:044daf3012e43d4b3538562da94a88fb12a6490652dbc29fb19adfa02cf72eac",
                "sha256:0cba38120db72123db7c58322fa69e3c0efa933040ffb586c3a87c063ec7cae8",
                "sha256:167ab7f64e409e9bdd99333fe8c67b5574a1f0495dcfd905bc7454e766729b9e",
                "sha256:1be4bbb3d27a4e9aa5f3df2ab61e3701ce8fcbd3e9846dbce7c033a7e8136746",
                "sha256:1ca56f002eaf7998b5fcf73b2421790da9d2586331805f38acd9997743114e98",
                "sha256:1d3d5ad8ea96bd6d643d80c7b8d5977b4e2fb1bab6c9da7322616fd26203d125",
                "sha256:1eb6480ef366d75b54c68164094a6a560c247370a68c02dddb11f20c4c6d3c9d",
                "sha256:1edc172dcca3f11b38a9d5c7505c83c1913c0addc99cd28e993efeaafdfaa18d",
                "sha256:211fcd65c58bf250fb994b53bc45a442ddc9f441f6fec53e65de8cba48ded986",
                "sha256:29e0656d5497733dcddc21797da5a2ab990c0cb9719f1f969e58a4abac66234d",
                "sha256:368bcf400247318382cc150aaa632582d0780b28ee6053cd80268c7e72796dec",
                "sha256:39d5493c5ecd75c8093fa7700a2fb5c94fe28c839c8e40144b7ab7ccba6938c8",
                "sha256:3abddf0b8e41445426d29f955b24aeecc83fa1072be1be4e0d194134a7d9baee",
                "sha256:3bf8cfe8856708ede6a73907bf0501f2dc4e104085e070a41f5d88e7faf237f3",
                "sha256:3ec1d9a0d7780416e657f1e405ba35ec1ba453a4f1511eb8b9fbab81cb8b3ce1",
                "sha256:45399b46d60c253327a460e99856752009fcee5f5d3c80b2f7c0cae1c38d56dd",
                "sha256:52690eb521d690ab041c3919666bea13ab9fbff80d615ec16fa81a297131276b",
                "sha256:534b047277a9a19d858cde163aba93f3e1677d5acd92f7d10ace419d478540de",
                "sha256:580c1f15500e137a8c37053e4cbf6058944d4c114701fa59944607505c2fe3a0",
                "sha256:59218fef177296451b23214c91ea3aba7858b4ae3306dde120224cfe0f7a6ee8",
                "sha256:5ba63585a89c9885f18331a55d25fe81dc2d82b71311ff8bd378fc8004202ff6",
                "sha256:5bb7d54b8f61ba6eee541fba4b83d22b8a046b4ef4d8eb7f15a7e35db2e1e245",
                "sha256:6152224d0a1eb254f97df3997d79dadd8bb2c1a02ef283dbb34b97d4f8492d23",
                "sha256:67e94028817defe5e705079b10a8438b8cb56e7115fa01640e9c0bb3edf67332",
                "sha256:695ba021a9e04418507fa930d5f0704edbce47076bdcfeeaba1c83683e5649d1",
                "sha256:6a1a9fe17621af43e9b9fcea8bd088ba682c8192d744b386ee3c47b56eaabb2c",
                "sha256:6ab0c3274d0a846840bf6c27d2c60ba771a12e4d7586bf550eefc2df0b56b3b4",
                "sha256:6feca8b6bfb9eef6ee057628e71e1734caf520a907b6ec0d62839e8293e945c0",
                "sha256:737e401cd0c493f7e3dd4db72aca11cfe069531c9761b8ea474926936b3c57c8",
                "sha256:788713c2896f426a4e166b11f4ec538b5736294ebf7d5f654ae445fd44270832",
                "sha256:797c2c412b04403d2da075fb93c123df35239cd7b4cc4e0cd9e5839b73f52c58",
                "sha256:8300401dc88cad23f5b4e4c1226f44a5aa696436a4026e456fe0e5d2f7f486e6",
                "sha256:87f6e082bce21464857ba58b569370e7b547d239ca22248be68ea5d6b51464a1",
                "sha256:89ccbf58e6a0ab89d487c92a490cb5660d06c3a47ca08872859672f9c511fc52",
                "sha256:8b0915ee85150963a9504c10de4e4729ae700af11df0dc5550e6587ed7891e92",
                "sha256:8cce6f9fa3df25f55521fbb5c7e4a736683148bcc0c75b21863789e5185f9185",
                "sha256:95a1873b6c0dd1c437fb3bb4a4aaa699a48c218ac7ca1e74b0bee0ab16c7d60d",
                "sha256:9b4c77d92d56a4c5027572752aa35082e40c561eec776048330d2907aead891d",
                "sha256:9bfcd43c65fbb339dc7086b5315750efa42a34eefad0256ba114cd8ad3896f4b",
                "sha256:9c1f083e7e71b2dd01f7cd7434a5f88c15213194df38bc29b388ccdf1492b739",
                "sha256:a1d0894f238763717bdcfea74558c94e3bc34aeacd3351d769460c1a586a8b05",
                "sha256:a467a431a0817a292121c13cbe637348b546e6ef47ca14a790aa2fa8cc93df63",
                "sha256:aa32aaa97d8b2ed4e54dc65d241a0da1c627454950f7d7b1f95b13985afd6c5d",
                "sha256:ac10bbac36cd89eac19f4e51c032ba6b412b3892b685076f4acd2de18ca990aa",
                "sha256:ac35ccde589ab6a1870a484ed136d49a26bcd06b6a1c6397b1967ca13ceb3913",
                "sha256:bab827163113177aee910adb1f48ff7af31ee0289f434f7e22d10baf624a6dfe",
                "sha256:baf81561f2972fb895e7844882898bda1eef4b07b5b385bcd308d2098f1a767b",
                "sha256:bf19725fec28452474d9887a128e98dd67eee7b7d52e932e6949c532d820dc3b",
                "sha256:c01a89a44bb672c38f42b49cdb0ad667b116d731b3f4c896f72302ff77d71656",
                "sha256:c0910c6b6c31359d2f6184828888c983d54d09d581a4a23547a35f1d0b9484b1",
                "sha256:c10ea1e80a697cf7d80d1ed414b5cb8f1eec07d618f54637067ae3c0334133c4",
                "sha256:c1164a2eac148d85bbdd23e07dfcc930f2e633220f3eb3c3e2a25f6148c2819e",
                "sha256:c145ab54702334c42237a6c6c4cc08703b6aa9b94e2f227ceb3d477d20c36c63",
                "sha256:c17965ff3706beedafd458c452bf15bac693ecd146a60a06a214614dc097a271",
                "sha256:c19324a1c5399b602f3b6e7db9478e5b1adf5cf58901996fc973fe4fccd73eed",
                "sha256:c2a1ac41a6aa980db03d098a5531f13985edcb451bcd9d00670b03129922cd0d",
                "sha256:c6ddcd80d79c96eb19c354d9dca95291589c5954099836b7c8d29278a7ec0bda",
                "sha256:c9c6d927e098c2d360695f2e9d38870b2e92e0919be07dbe339aefa32a090265",
                "sha256:cc8b7a7254c0fc3187d43d6cb54b5032d2365efd1df0cd1749c0c4df5f0ad45f",
                "sha256:cff3ba513db55cc6a35076f32c4cdc27032bd075c9faef31fec749e64b45d26c",
                "sha256:d260d4dc495c05d6600264a197d9d6f7fc9347f21d2594926202fd08cf89a8ba",
                "sha256:d6f3d62e16c10e88d2168ba2d065aa374e3c538998ed04996cd373ff2036d64c",
                "sha256:da6df107b9ccfe52d3a48165e48d72db0eca3e3029b5b8cb4fe6ee3cb870ba8b",
                "sha256:dfe4b95b7e00c6635a72e2d00b478e8a28bfb122dc76349a06e20792eb53a523",
                "sha256:e39378894ee6ae9f555ae2de332d513a5763276a9265f8e7cbaeb1b1ee74623a",
                "sha256:ede3b46cdb719c794427dcce9d8beb4abe8b9aa1e97526cc20de9bd6583ad1ef",
                "sha256:f2a8508f7350512434e41065684076f640ecce176d262a7d54f0da41d99c5a95",
                "sha256:f44477ae29025d8ea87ec308539f95963ffdc31a82f42ca9deecf2d505242e72",
                "sha256:f64394bd7ceef1237cc604b5a89bf748c95982a84bcd3c4bbeb40f685c810794",
                "sha256:fc4dd8b01a8112809e6b636b00f487846956402834a7fd59d46d4f4267181c41",
                "sha256:fce78593346c014d0d986b7ebc80d782b7f5e19843ca798ed62f8e3ba8728576",
                "sha256:fd547ec596d90c8676e369dd8a581a21227fe9b4ad37d0dc7feb4ccf544c2d59"
            ],
            "markers": "python_version >= '3.6'",
            "version": "==1.7.2"
        }
    },
    "develop": {}
}
