{
    "_meta": {
        "hash": {
            "sha256": "e0b04fc1e7eba46eba903ceb6080e2e1615e2fef676d4bb9f4341c148ebbabbb"
        },
        "pipfile-spec": 6,
        "requires": {
            "python_version": "3.6"
        },
        "sources": [
            {
                "name": "pypi",
                "url": "https://pypi.org/simple",
                "verify_ssl": true
            }
        ]
    },
    "default": {
        "beautifulsoup4": {
            "hashes": [
                "sha256:11a9a27b7d3bddc6d86f59fb76afb70e921a25ac2d6cc55b40d072bd68435a76",
                "sha256:7015e76bf32f1f574636c4288399a6de66ce08fb7b2457f628a8d70c0fbabb11",
                "sha256:808b6ac932dccb0a4126558f7dfdcf41710dd44a4ef497a0bb59a77f9f078e89"
            ],
            "index": "pypi",
            "version": "==4.6.0"
        },
        "certifi": {
            "hashes": [
                "sha256:78884e7c1d4b00ce3cea67b44566851c4343c120abd683433ce934a68ea58872",
                "sha256:d62a0163eb4c2344ac042ab2bdf75399a71a2d8c7d47eac2e2ee91b9d6339569"
            ],
            "version": "==2021.10.8"
        },
        "chardet": {
            "hashes": [
                "sha256:84ab92ed1c4d4f16916e05906b6b75a6c0fb5db821cc65e70cbd64a3e2a5eaae",
                "sha256:fc323ffcaeaed0e0a02bf4d117757b98aed530d9ed4531e3e15460124c106691"
            ],
            "version": "==3.0.4"
        },
        "gevent": {
            "hashes": [
                "sha256:00a45774ad6e7a8641af5db011807f53c1f0e0bc62cbdcab83e4db18e6201b6e",
                "sha256:15dbcc07cdd09f87b9814ee26483ec49e0d71fdc65d7a61b21c2c56bbb550168",
                "sha256:16143db7b760d9b512edfaf4d0bbef01cf0391e773362c43084901e3ecb892d5",
                "sha256:1a0d422d6c960c36088201d4bbc925dfde87dc4a4e442bf2e4d36ae455f24a96",
                "sha256:22187d0aba6506b57075dd05d0df495b04bfd4b047bbf776eeaac93117a6e9d2",
                "sha256:33320f60be19a865396a7f5e10c15b14e338790ae807c97c90edc990d644dc1c",
                "sha256:3498fec10e3695f3ad31253857c624435378c6a47969babb54a83ac0101615d3",
                "sha256:3c9fbc0dac62e552dc5d03bb67ceaefc5f74d7b4ac04a4bf797cdb0a4438b1db",
                "sha256:53c4dc705886d028f5d81e698b1d1479994a421498cd6529cb9711b5e2a84f74",
                "sha256:57729118fbcf0f39ecf721ae9b318a4a738eb5d9b972af6c6c8c96303e30f011",
                "sha256:6c41413e1eb0b7bf77dcea42ff276e62903bfdc62cb936d71458d338b9edc9a6",
                "sha256:72f7cab120e2af89d3a9d6c526e49da5c0b6c94d47e23ab7a26ae8471ee97ffb",
                "sha256:7ac5a4945fc47e3824d55bb50b6dd65823868e87fac841bea5762f79b9d22019",
                "sha256:7bb0e1ef3adfea008688617fedb1741009856f98e26133983646203c718f7f39",
                "sha256:8c41ef269bc743b5bb88a4553627cd4611be5c59589d5390e29956a8d3ab8623",
                "sha256:a1f32f0b01ceb15f93b2914b7057acb008c5173181813424621dc444f73c00e2",
                "sha256:a51456f842f7de83fff473a0230e313e44ac6fa83e492412e696924f417088b8",
                "sha256:a72a23829ce8eb18086ec6f855715c3f52d3c1e12b83fd040d9fb854e77c0565",
                "sha256:c7e5f8a6bf865ef507db27f85376808991d3189df185864a5ee326d97e144ec4",
                "sha256:cf707886b9b45e56114c6f5522fc556058de5b5bf8674b609e82dfa2f9633c41",
                "sha256:d83370528327364354cfb54c96ca401853599bd7a15f382e6962fd8318cede50",
                "sha256:e9d64081e419eb8a268edaa90bba95fb4c78a6278d2105dcc080b24b42679535"
            ],
            "index": "pypi",
            "version": "==1.3.4"
        },
        "greenlet": {
            "hashes": [
                "sha256:00e44c8afdbe5467e4f7b5851be223be68adb4272f44696ee71fe46b7036a711",
                "sha256:013d61294b6cd8fe3242932c1c5e36e5d1db2c8afb58606c5a67efce62c1f5fd",
                "sha256:049fe7579230e44daef03a259faa24511d10ebfa44f69411d99e6a184fe68073",
                "sha256:14d4f3cd4e8b524ae9b8aa567858beed70c392fdec26dbdb0a8a418392e71708",
                "sha256:166eac03e48784a6a6e0e5f041cfebb1ab400b394db188c48b3a84737f505b67",
                "sha256:17ff94e7a83aa8671a25bf5b59326ec26da379ace2ebc4411d690d80a7fbcf23",
                "sha256:1e12bdc622676ce47ae9abbf455c189e442afdde8818d9da983085df6312e7a1",
                "sha256:21915eb821a6b3d9d8eefdaf57d6c345b970ad722f856cd71739493ce003ad08",
                "sha256:288c6a76705dc54fba69fbcb59904ae4ad768b4c768839b8ca5fdadec6dd8cfd",
                "sha256:32ca72bbc673adbcfecb935bb3fb1b74e663d10a4b241aaa2f5a75fe1d1f90aa",
                "sha256:356b3576ad078c89a6107caa9c50cc14e98e3a6c4874a37c3e0273e4baf33de8",
                "sha256:40b951f601af999a8bf2ce8c71e8aaa4e8c6f78ff8afae7b808aae2dc50d4c40",
                "sha256:572e1787d1460da79590bf44304abbc0a2da944ea64ec549188fa84d89bba7ab",
                "sha256:58df5c2a0e293bf665a51f8a100d3e9956febfbf1d9aaf8c0677cf70218910c6",
                "sha256:64e6175c2e53195278d7388c454e0b30997573f3f4bd63697f88d855f7a6a1fc",
                "sha256:7227b47e73dedaa513cdebb98469705ef0d66eb5a1250144468e9c3097d6b59b",
                "sha256:7418b6bfc7fe3331541b84bb2141c9baf1ec7132a7ecd9f375912eca810e714e",
                "sha256:7cbd7574ce8e138bda9df4efc6bf2ab8572c9aff640d8ecfece1b006b68da963",
                "sha256:7ff61ff178250f9bb3cd89752df0f1dd0e27316a8bd1465351652b1b4a4cdfd3",
                "sha256:833e1551925ed51e6b44c800e71e77dacd7e49181fdc9ac9a0bf3714d515785d",
                "sha256:8639cadfda96737427330a094476d4c7a56ac03de7265622fcf4cfe57c8ae18d",
                "sha256:8c790abda465726cfb8bb08bd4ca9a5d0a7bd77c7ac1ca1b839ad823b948ea28",
                "sha256:8d2f1fb53a421b410751887eb4ff21386d119ef9cde3797bf5e7ed49fb51a3b3",
                "sha256:903bbd302a2378f984aef528f76d4c9b1748f318fe1294961c072bdc7f2ffa3e",
                "sha256:93f81b134a165cc17123626ab8da2e30c0455441d4ab5576eed73a64c025b25c",
                "sha256:95e69877983ea39b7303570fa6760f81a3eec23d0e3ab2021b7144b94d06202d",
                "sha256:9633b3034d3d901f0a46b7939f8c4d64427dfba6bbc5a36b1a67364cf148a1b0",
                "sha256:97e5306482182170ade15c4b0d8386ded995a07d7cc2ca8f27958d34d6736497",
                "sha256:9f3cba480d3deb69f6ee2c1825060177a22c7826431458c697df88e6aeb3caee",
                "sha256:aa5b467f15e78b82257319aebc78dd2915e4c1436c3c0d1ad6f53e47ba6e2713",
                "sha256:abb7a75ed8b968f3061327c433a0fbd17b729947b400747c334a9c29a9af6c58",
                "sha256:aec52725173bd3a7b56fe91bc56eccb26fbdff1386ef123abb63c84c5b43b63a",
                "sha256:b11548073a2213d950c3f671aa88e6f83cda6e2fb97a8b6317b1b5b33d850e06",
                "sha256:b1692f7d6bc45e3200844be0dba153612103db241691088626a33ff1f24a0d88",
                "sha256:b92e29e58bef6d9cfd340c72b04d74c4b4e9f70c9fa7c78b674d1fec18896dc4",
                "sha256:be5f425ff1f5f4b3c1e33ad64ab994eed12fc284a6ea71c5243fd564502ecbe5",
                "sha256:dd0b1e9e891f69e7675ba5c92e28b90eaa045f6ab134ffe70b52e948aa175b3c",
                "sha256:e30f5ea4ae2346e62cedde8794a56858a67b878dd79f7df76a0767e356b1744a",
                "sha256:e6a36bb9474218c7a5b27ae476035497a6990e21d04c279884eb10d9b290f1b1",
                "sha256:e859fcb4cbe93504ea18008d1df98dee4f7766db66c435e4882ab35cf70cac43",
                "sha256:eb6ea6da4c787111adf40f697b4e58732ee0942b5d3bd8f435277643329ba627",
                "sha256:ec8c433b3ab0419100bd45b47c9c8551248a5aee30ca5e9d399a0b57ac04651b",
                "sha256:eff9d20417ff9dcb0d25e2defc2574d10b491bf2e693b4e491914738b7908168",
                "sha256:f0214eb2a23b85528310dad848ad2ac58e735612929c8072f6093f3585fd342d",
                "sha256:f276df9830dba7a333544bd41070e8175762a7ac20350786b322b714b0e654f5",
                "sha256:f3acda1924472472ddd60c29e5b9db0cec629fbe3c5c5accb74d6d6d14773478",
                "sha256:f70a9e237bb792c7cc7e44c531fd48f5897961701cdaa06cf22fc14965c496cf",
                "sha256:f9d29ca8a77117315101425ec7ec2a47a22ccf59f5593378fc4077ac5b754fce",
                "sha256:fa877ca7f6b48054f847b61d6fa7bed5cebb663ebc55e018fda12db09dcc664c",
                "sha256:fdcec0b8399108577ec290f55551d926d9a1fa6cad45882093a7a07ac5ec147b"
            ],
            "markers": "platform_python_implementation == 'CPython'",
            "version": "==1.1.2"
        },
        "idna": {
            "hashes": [
                "sha256:156a6814fb5ac1fc6850fb002e0852d56c0c8d2531923a51032d1b70760e186e",
                "sha256:684a38a6f903c1d71d6d5fac066b58d7768af4de2b832e426ec79c30daa94a16"
            ],
            "version": "==2.7"
        },
        "lxml": {
            "hashes": [
                "sha256:11ae552a78612620afd15625be9f1b82e3cc2e634f90d6b11709b10a100cba59",
                "sha256:121fc6f71c692b49af6c963b84ab7084402624ffbe605287da362f8af0668ea3",
                "sha256:124f09614f999551ac65e5b9875981ce4b66ac4b8e2ba9284572f741935df3d9",
                "sha256:12ae2339d32a2b15010972e1e2467345b7bf962e155671239fba74c229564b7f",
                "sha256:12d8d6fe3ddef629ac1349fa89a638b296a34b6529573f5055d1cb4e5245f73b",
                "sha256:1a2a7659b8eb93c6daee350a0d844994d49245a0f6c05c747f619386fb90ba04",
                "sha256:1ccbfe5d17835db906f2bab6f15b34194db1a5b07929cba3cf45a96dbfbfefc0",
                "sha256:2f77556266a8fe5428b8759fbfc4bd70be1d1d9c9b25d2a414f6a0c0b0f09120",
                "sha256:3534d7c468c044f6aef3c0aff541db2826986a29ea73f2ca831f5d5284d9b570",
                "sha256:3884476a90d415be79adfa4e0e393048630d0d5bcd5757c4c07d8b4b00a1096b",
                "sha256:3b95fb7e6f9c2f53db88f4642231fc2b8907d854e614710996a96f1f32018d5c",
                "sha256:46515773570a33eae13e451c8fcf440222ef24bd3b26f40774dd0bd8b6db15b2",
                "sha256:46f21f2600d001af10e847df9eb3b832e8a439f696c04891bcb8a8cedd859af9",
                "sha256:473701599665d874919d05bb33b56180447b3a9da8d52d6d9799f381ce23f95c",
                "sha256:4b9390bf973e3907d967b75be199cf1978ca8443183cf1e78ad80ad8be9cf242",
                "sha256:4f415624cf8b065796649a5e4621773dc5c9ea574a944c76a7f8a6d3d2906b41",
                "sha256:534032a5ceb34bba1da193b7d386ac575127cc39338379f39a164b10d97ade89",
                "sha256:558485218ee06458643b929765ac1eb04519ca3d1e2dcc288517de864c747c33",
                "sha256:57cf05466917e08f90e323f025b96f493f92c0344694f5702579ab4b7e2eb10d",
                "sha256:59d77bfa3bea13caee95bc0d3f1c518b15049b97dd61ea8b3d71ce677a67f808",
                "sha256:5d5254c815c186744c8f922e2ce861a2bdeabc06520b4b30b2f7d9767791ce6e",
                "sha256:5ea121cb66d7e5cb396b4c3ca90471252b94e01809805cfe3e4e44be2db3a99c",
                "sha256:60aeb14ff9022d2687ef98ce55f6342944c40d00916452bb90899a191802137a",
                "sha256:642eb4cabd997c9b949a994f9643cd8ae00cf4ca8c5cd9c273962296fadf1c44",
                "sha256:6548fc551de15f310dd0564751d9dc3d405278d45ea9b2b369ed1eccf142e1f5",
                "sha256:68a851176c931e2b3de6214347b767451243eeed3bea34c172127bbb5bf6c210",
                "sha256:6e84edecc3a82f90d44ddee2ee2a2630d4994b8471816e226d2b771cda7ac4ca",
                "sha256:73e8614258404b2689a26cb5d002512b8bc4dfa18aca86382f68f959aee9b0c8",
                "sha256:7679bb6e4d9a3978a46ab19a3560e8d2b7265ef3c88152e7fdc130d649789887",
                "sha256:76b6c296e4f7a1a8a128aec42d128646897f9ae9a700ef6839cdc9b3900db9b5",
                "sha256:7f00cc64b49d2ef19ddae898a3def9dd8fda9c3d27c8a174c2889ee757918e71",
                "sha256:8021eeff7fabde21b9858ed058a8250ad230cede91764d598c2466b0ba70db8b",
                "sha256:87f8f7df70b90fbe7b49969f07b347e3f978f8bd1046bb8ecae659921869202b",
                "sha256:916d457ad84e05b7db52700bad0a15c56e0c3000dcaf1263b2fb7a56fe148996",
                "sha256:925174cafb0f1179a7fd38da90302555d7445e34c9ece68019e53c946be7f542",
                "sha256:9801bcd52ac9c795a7d81ea67471a42cffe532e46cfb750cd5713befc5c019c0",
                "sha256:99cf827f5a783038eb313beee6533dddb8bdb086d7269c5c144c1c952d142ace",
                "sha256:a21b78af7e2e13bec6bea12fc33bc05730197674f3e5402ce214d07026ccfebd",
                "sha256:a52e8f317336a44836475e9c802f51c2dc38d612eaa76532cb1d17690338b63b",
                "sha256:a702005e447d712375433ed0499cb6e1503fadd6c96a47f51d707b4d37b76d3c",
                "sha256:a708c291900c40a7ecf23f1d2384ed0bc0604e24094dd13417c7e7f8f7a50d93",
                "sha256:a7790a273225b0c46e5f859c1327f0f659896cc72eaa537d23aa3ad9ff2a1cc1",
                "sha256:abcf7daa5ebcc89328326254f6dd6d566adb483d4d00178892afd386ab389de2",
                "sha256:add017c5bd6b9ec3a5f09248396b6ee2ce61c5621f087eb2269c813cd8813808",
                "sha256:af4139172ff0263d269abdcc641e944c9de4b5d660894a3ec7e9f9db63b56ac9",
                "sha256:b4015baed99d046c760f09a4c59d234d8f398a454380c3cf0b859aba97136090",
                "sha256:ba0006799f21d83c3717fe20e2707a10bbc296475155aadf4f5850f6659b96b9",
                "sha256:bdb98f4c9e8a1735efddfaa995b0c96559792da15d56b76428bdfc29f77c4cdb",
                "sha256:c34234a1bc9e466c104372af74d11a9f98338a3f72fae22b80485171a64e0144",
                "sha256:c580c2a61d8297a6e47f4d01f066517dbb019be98032880d19ece7f337a9401d",
                "sha256:ca9a40497f7e97a2a961c04fa8a6f23d790b0521350a8b455759d786b0bcb203",
                "sha256:cab343b265e38d4e00649cbbad9278b734c5715f9bcbb72c85a1f99b1a58e19a",
                "sha256:ce52aad32ec6e46d1a91ff8b8014a91538800dd533914bfc4a82f5018d971408",
                "sha256:da07c7e7fc9a3f40446b78c54dbba8bfd5c9100dfecb21b65bfe3f57844f5e71",
                "sha256:dc8a0dbb2a10ae8bb609584f5c504789f0f3d0d81840da4849102ec84289f952",
                "sha256:e5b4b0d9440046ead3bd425eb2b852499241ee0cef1ae151038e4f87ede888c4",
                "sha256:f33d8efb42e4fc2b31b3b4527940b25cdebb3026fb56a80c1c1c11a4271d2352",
                "sha256:f6befb83bca720b71d6bd6326a3b26e9496ae6649e26585de024890fe50f49b8",
                "sha256:fcc849b28f584ed1dbf277291ded5c32bb3476a37032df4a1d523b55faa5f944",
                "sha256:ff44de36772b05c2eb74f2b4b6d1ae29b8f41ed5506310ce1258d44826ee38c1"
            ],
            "index": "pypi",
            "version": "==4.6.5"
        },
        "pillow": {
            "hashes": [
                "sha256:00fdeb23820f30e43bba78eb9abb00b7a937a655de7760b2e09101d63708b64e",
                "sha256:01f948e8220c85eae1aa1a7f8edddcec193918f933fb07aaebe0bfbbcffefbf1",
                "sha256:08abf39948d4b5017a137be58f1a52b7101700431f0777bec3d897c3949f74e6",
                "sha256:099a61618b145ecb50c6f279666bbc398e189b8bc97544ae32b8fcb49ad6b830",
                "sha256:2c1c61546e73de62747e65807d2cc4980c395d4c5600ecb1f47a650c6fa78c79",
                "sha256:2ed9c4f694861642401f27dc3cb99772be67cd190e84845c749dae0a06c3bfae",
                "sha256:338581b30b908e111be578f0297255f6b57a51358cd16fa0e6f664c9a1f88bff",
                "sha256:38c7d48a21cd06fdeee93987147b9b1c55b73b4cfcbf83240568bfbd5adee447",
                "sha256:43fd026f613c8e48a25eba1a92f4d2ad7f3903c95d8c33a11611a7717d2ab654",
                "sha256:4548236844327a718ce3bb182ab32a16fa2050c61e334e959f554cac052fb0df",
                "sha256:5090857876c58885cfa388dc649e5db30aae98a068c26f3fd0ac9d7d9a4d9572",
                "sha256:5bbba34f97a26a93f5e8dec469ca4ddd712451418add43da946dbaed7f7a98d2",
                "sha256:65a28969a025a0eb4594637b6103201dc4ed2a9508bdab56ac33e43e3081c404",
                "sha256:892bb52b70bd5ea9dbbc3ac44f38e84f5a04e9d8b1bff48159d96cb795b81159",
                "sha256:8a9becd5cbd5062f973bcd2e7bc79483af310222de112b6541f8af1f93a3cc42",
                "sha256:972a7aaeb7c4a2795b52eef52ee991ef040b31009f36deca6207a986607b55f3",
                "sha256:97b119c436bfa96a92ac2ca525f7025836d4d4e64b1c9f9eff8dbaf3ff1d86f3",
                "sha256:9ba37698e242223f8053cc158f130aee046a96feacbeab65893dbe94f5530118",
                "sha256:b1b0e1f626a0f079c0d3696db70132fb1f29aa87c66aecb6501a9b8be64ce9f7",
                "sha256:c14c1224fd1a5be2733530d648a316974dbbb3c946913562c6005a76f21ca042",
                "sha256:c79a8546c48ae6465189e54e3245a97ddf21161e33ff7eaa42787353417bb2b6",
                "sha256:ceb76935ac4ebdf6d7bc845482a4450b284c6ccfb281e34da51d510658ab34d8",
                "sha256:e22bffaad04b4d16e1c091baed7f2733fc1ebb91e0c602abf1b6834d17158b1f",
                "sha256:ec883b8e44d877bda6f94a36313a1c6063f8b1997aa091628ae2f34c7f97c8d5",
                "sha256:f1baa54d50ec031d1a9beb89974108f8f2c0706f49798f4777df879df0e1adb6",
                "sha256:f53a5385932cda1e2c862d89460992911a89768c65d176ff8c50cddca4d29bed"
            ],
            "index": "pypi",
            "version": "==6.2.0"
        },
        "pymongo": {
            "hashes": [
                "sha256:04e5e52d3e6cbd46bbafe067a242cd5862240fd5ba270ab1be6d3cfa5ae1ed0b",
                "sha256:0ab6f1917a9226459c9ecb1af879a853aae5f5be2afe599deb4bcd9702d03c20",
                "sha256:1a33a6431ee41c0fa507a37d08966d73a66443e43173b2d4fff6db70247ae805",
                "sha256:1e385e45d5aed6fd5294da1f9b71d33dcd812887f9e17410cbf83c324270fbbd",
                "sha256:21e25d25ead34b07289f5a30916661e5f0adfff8f2a9326f98b8961113e14a83",
                "sha256:252cecc7e204106de8b61aacf3e00a5c31ebd2548b027a675ef339d3df9428d6",
                "sha256:29a12524bc5b7e2bc55e426e6b7be4a734cccf99298248748f6ca0088ecb54e3",
                "sha256:2e7920f138aad3406a83cb8db7b3f96a357d9d33bc7abb353cc0f571dd97318d",
                "sha256:2fa9d8292b93716dfaed09701a7129704cf290dd7a3a7e057563dee4e805934a",
                "sha256:30928492147298754428e045a4e790a4dd91d0d834754cf0d556310aca270080",
                "sha256:3327afb38017ac1de32e4ca3a6c8edb1fe19d6024771609590684d3a37e7c250",
                "sha256:3dd41aaab8ac3b93281c331bca8824bb75591568d802a0a509c61f4be7ea235d",
                "sha256:453e9a1e3a9dfe7c7bf3367ab82842cb236735c58f6ca849a485b30f9dfa42f8",
                "sha256:5170ef12426d355a490840dc7f2b69602e92a4c57cca27ef59d1c371dfab6c0e",
                "sha256:5217607e2bac97c774839095c3609da2250bf253f46761bc700e4ce3bd5ac54d",
                "sha256:5984c1c12e8dd6a96e8b82c4bec3f86180c4b048dcdccd34ed8c8bb81740e4ca",
                "sha256:5cc2adccb61bfe6c76fc5b6d488d76b3c093a69d79e70adb73b5678d2f0afc67",
                "sha256:64c9c2ac0b9f96253b52c41e7c9c26a140818a31031ac1c5431893c241fb3436",
                "sha256:65a0967d15d4b3d46b9885a69c45148cc9dc09ee9f10f0fd05669fe9ebffd947",
                "sha256:74b829a8ad20715f02b1ba4d5e777d60c0500acc69377e802e19e1943d3f1a81",
                "sha256:77f602b667380f943cf90e95a4f0e8374b928be5cc038e6f67dd236e20f17e26",
                "sha256:7b0a16aaac8599b8403860d8cb00a978387423dabed2f09b0c6184006c75cb9d",
                "sha256:7e4246dda4e80a60c4d594fb79fa8eccbdbc14561b08093b67c0cd05059b08b3",
                "sha256:80c9df3fde525855431d2959550746404eb6fae8f8a87d7d15e9c0ac650c70e1",
                "sha256:814919d3f66da8f9dc3d5df014c0699ec1698653f1829c588bfe251dda444782",
                "sha256:86a3e9fe14e2d46aa2e349378732b917718bd03d5317f917cd9363ea5e29c234",
                "sha256:8e889b1256a6aac3f64d9e7369a3fbcb3dce9389d4145cb7f0f7439071f0739e",
                "sha256:95f0c66aabe98e58c236baea43252dc32a3b214b8dee30f678cacba15e5889a0",
                "sha256:9785f19100e5b3422ce93c1455d5344484967cc6871a642a333ecf3554524398",
                "sha256:9dc1590e1f1ffd4a9a8be836610afeb887dcd75c96663e1d0390c492146f59ff",
                "sha256:a5e4becae6c053602fb9ed6dd4d12c525e3f716357334ee306929724087b65b4",
                "sha256:af3c32dd771e91e8e02335e13ebc618b740b034aabf99bd417c4fb768acc8c4c",
                "sha256:b4e77252237fea02eab5a59514b62bb23095869790dbcfcb45e500e3704c69d0",
                "sha256:b6bd46b9662a58134241cb31224e3b2b0f61b67e2b2328326fe871d5603e3537",
                "sha256:bce845a8efdcfae71dcaa52ff278a026fcf37afb64878c231129a264ef3afd2f",
                "sha256:c6490e2f22279cbe2090cd6075e375f3d7396a8deaf9efc38061cfe3ab15e158",
                "sha256:c6c6868995787429cedb919d0399a0211c0ca48880c3dcacda2ae72cb2663caa",
                "sha256:e1b169481dc1d77cfd45906171193daa431144cc0704da19fcf7e39f7e5bad13",
                "sha256:e56e54f710935a6896db9a3bc85d69ddc91806a56c0f5045989b3aa918369cea",
                "sha256:e9930c3d070eeaeb1297e58fd6ef009ac9b723d423d82637acca1a06e5940471",
                "sha256:ef156326eb692bcc7a278298a69c90bcde72f0ac4edb3099082265d7b947c339",
                "sha256:f4b400ae8464d878b3297fb0e37f425f6f3b4343ca728b16a8bfa86b10e8c7c4",
                "sha256:f7f309ebbda39fb00ec28f311e90b8ec9def924c41b658c45d6ab8077aadece8",
                "sha256:fcbd07bfc085a5b17141071d5ddcf087a96fed69ecbbd1d67d305f836214c195"
            ],
            "index": "pypi",
            "version": "==3.7.0"
        },
        "pyzmq": {
            "hashes": [
                "sha256:096b72e48dc4fb6afac4dc862626b103287176be7c0f49b52782689eac4bf376",
                "sha256:1c0d469837c54df4b3b8424c79f102a2a4ccc7e1e7f8816fcdcf39c1e6406b19",
                "sha256:2199f753a230e26aec5238b0518b036780708a4c887d4944519681a920b9dee4",
                "sha256:22402d2a55dcc5973b1356be12dbc4417350fcc85a6da3af2984271e769a28f4",
                "sha256:4166c2e45b5d43bc1da49a7f8518c2ced11227fb69b35405940442b92b0b0c34",
                "sha256:488ab43a9c4a710264987e7efe5d53384858281bd6540db0a47e7bb6c3bf7ec5",
                "sha256:8d757eaf5eb3b27ab449343e55b8e8f442a3de67ccdfca893cefe8964d44a147",
                "sha256:8e576262221c7fbee894cf105eb975f1385fc91988ce6120cdb2305195e7a9f6",
                "sha256:90b38559b33f544ebaa35fcb8d4091cb35c689a3cfe92e584e36c746f648c12b",
                "sha256:911f457a0b5c0e0c857a71bd2abbb96d15c695a11cf61caa43059143ed01bb6e",
                "sha256:941c9676bc2f3dbab528a4cd42a9dd80310156ed6014276f16288f25c9ff4da2",
                "sha256:965d50febc5402e7fb93c432155463b4184a79bec040cdeb3b006b278b3a544f",
                "sha256:98fe34bbbe5a516e75ac16f1ea585d9c1dda2067b6c9f4da174add6c952883b6",
                "sha256:9dc60c4a8299aa77082493231045d15b58c7875cb9f3dbee6e11a86356bd9e24",
                "sha256:a3d1c56387332063a5492c186fb504a7b6dfbdf6f0ce0a7388fed722998e3b0f",
                "sha256:a9660113ff4c52160f734704af8d351326cc6eabf1dbd135cf02c0ded02e1d9d",
                "sha256:b097f32a1ee00e0b2aa9776e0112a73655484d2e7c0634757c84c036c8be0706",
                "sha256:bcd81ab868e916fc22172667e528211b21e2dcab9af2e9fb3ee631d3eb946893",
                "sha256:bd1c9cbb6d1032a61a8ab0e77b1c83caa7b04e77a6736ff23d213de6bde92622",
                "sha256:cfe8d245bd62b3f87e120029f5a83f47055d3bb2d2b7f91566dd43487dedd6e3",
                "sha256:d74052450985befe7d983abb1daab6112b5cb78f1258731afe04c55dbb504739",
                "sha256:df65629511d6037045b2b4d87b17b0a984d7ae6af44e0d87c350c93e6685d746",
                "sha256:e724a5117044490cf0f55b5025bba4b909de0be4f47f6a48ad7c24d6a8e7e48c",
                "sha256:fafcb5be16c0012ada037b8eaf63d5b25d421680072eeb6df4a2d90599d962e6",
                "sha256:fdced6cf08aaa5b0dacfa4562e518ffb562bb09a90483f920cf6c4ecabd3f379"
            ],
            "index": "pypi",
            "version": "==17.1.0"
        },
        "requests": {
            "hashes": [
                "sha256:63b52e3c866428a224f97cab011de738c36aec0185aa91cfacd418b5d58911d1",
                "sha256:ec22d826a36ed72a7358ff3fe56cbd4ba69dd7a6718ffd450ff0e9df7a47ce6a"
            ],
            "index": "pypi",
            "version": "==2.19.1"
        },
        "selenium": {
            "hashes": [
                "sha256:6f4c7727d44034b8d635d7cf1c3377f76efc95e192ed5cfb97e0057fe5a92d44",
                "sha256:f35bb209cab740c195276a323c1b750dbcfdb9f6983e7d6e3abba9cd8838f355"
            ],
            "index": "pypi",
            "version": "==3.13.0"
        },
        "urllib3": {
            "hashes": [
                "sha256:a68ac5e15e76e7e5dd2b8f94007233e01effe3e50e8daddf69acfd81cb686baf",
                "sha256:b5725a0bd4ba422ab0e66e89e030c806576753ea3ee08554382c14e685d117b5"
            ],
            "markers": "python_version >= '2.6' and python_version not in '3.0, 3.1, 3.2, 3.3' and python_version < '4'",
            "version": "==1.23"
        }
    },
    "develop": {}
}
